
Microsoft Visual Studio Solution File, Format Version 12.00
# Visual Studio Version 17
VisualStudioVersion = 17.6.33815.320
MinimumVisualStudioVersion = 10.0.40219.1
Project("{FAE04EC0-301F-11D3-BF4B-00C04F79EFBC}") = "DegateBasics", "DegateBasics.csproj", "{42D1C9E0-C222-41D8-9F1C-19C956E7C6B0}"
EndProject
Global
	GlobalSection(SolutionConfigurationPlatforms) = preSolution
		Debug|Any CPU = Debug|Any CPU
		Release|Any CPU = Release|Any CPU
	EndGlobalSection
	GlobalSection(ProjectConfigurationPlatforms) = postSolution
		{42D1C9E0-C222-41D8-9F1C-19C956E7C6B0}.Debug|Any CPU.ActiveCfg = Debug|Any CPU
		{42D1C9E0-C222-41D8-9F1C-19C956E7C6B0}.Debug|Any CPU.Build.0 = Debug|Any CPU
		{42D1C9E0-C222-41D8-9F1C-19C956E7C6B0}.Release|Any CPU.ActiveCfg = Release|Any CPU
		{42D1C9E0-C222-41D8-9F1C-19C956E7C6B0}.Release|Any CPU.Build.0 = Release|Any CPU
	EndGlobalSection
	GlobalSection(SolutionProperties) = preSolution
		HideSolutionNode = FALSE
	EndGlobalSection
	GlobalSection(ExtensibilityGlobals) = postSolution
		SolutionGuid = {952F19DA-E8B8-4F56-8127-9C4749D74E0A}
	EndGlobalSection
EndGlobal
