
Microsoft Visual Studio Solution File, Format Version 12.00
# Visual Studio Version 17
VisualStudioVersion = 17.6.33815.320
MinimumVisualStudioVersion = 10.0.40219.1
Project("{FAE04EC0-301F-11D3-BF4B-00C04F79EFBC}") = "OnlineShopping", "OnlineShopping.csproj", "{2A231A0D-47F1-4995-B629-83828A4812B4}"
EndProject
Global
	GlobalSection(SolutionConfigurationPlatforms) = preSolution
		Debug|Any CPU = Debug|Any CPU
		Release|Any CPU = Release|Any CPU
	EndGlobalSection
	GlobalSection(ProjectConfigurationPlatforms) = postSolution
		{2A231A0D-47F1-4995-B629-83828A4812B4}.Debug|Any CPU.ActiveCfg = Debug|Any CPU
		{2A231A0D-47F1-4995-B629-83828A4812B4}.Debug|Any CPU.Build.0 = Debug|Any CPU
		{2A231A0D-47F1-4995-B629-83828A4812B4}.Release|Any CPU.ActiveCfg = Release|Any CPU
		{2A231A0D-47F1-4995-B629-83828A4812B4}.Release|Any CPU.Build.0 = Release|Any CPU
	EndGlobalSection
	GlobalSection(SolutionProperties) = preSolution
		HideSolutionNode = FALSE
	EndGlobalSection
	GlobalSection(ExtensibilityGlobals) = postSolution
		SolutionGuid = {651E6DB9-42AA-4778-8B2B-BD998BC78551}
	EndGlobalSection
EndGlobal
