
Microsoft Visual Studio Solution File, Format Version 12.00
# Visual Studio Version 17
VisualStudioVersion = 17.6.33815.320
MinimumVisualStudioVersion = 10.0.40219.1
Project("{FAE04EC0-301F-11D3-BF4B-00C04F79EFBC}") = "MethodsBasics", "MethodsBasics.csproj", "{9F76AFF3-F4D9-46C8-AC74-8AAC8DAB9C65}"
EndProject
Global
	GlobalSection(SolutionConfigurationPlatforms) = preSolution
		Debug|Any CPU = Debug|Any CPU
		Release|Any CPU = Release|Any CPU
	EndGlobalSection
	GlobalSection(ProjectConfigurationPlatforms) = postSolution
		{9F76AFF3-F4D9-46C8-AC74-8AAC8DAB9C65}.Debug|Any CPU.ActiveCfg = Debug|Any CPU
		{9F76AFF3-F4D9-46C8-AC74-8AAC8DAB9C65}.Debug|Any CPU.Build.0 = Debug|Any CPU
		{9F76AFF3-F4D9-46C8-AC74-8AAC8DAB9C65}.Release|Any CPU.ActiveCfg = Release|Any CPU
		{9F76AFF3-F4D9-46C8-AC74-8AAC8DAB9C65}.Release|Any CPU.Build.0 = Release|Any CPU
	EndGlobalSection
	GlobalSection(SolutionProperties) = preSolution
		HideSolutionNode = FALSE
	EndGlobalSection
	GlobalSection(ExtensibilityGlobals) = postSolution
		SolutionGuid = {CD2EC91B-8766-47A9-9FBC-A0EA3FF61655}
	EndGlobalSection
EndGlobal
