
Microsoft Visual Studio Solution File, Format Version 12.00
# Visual Studio Version 17
VisualStudioVersion = 17.6.33815.320
MinimumVisualStudioVersion = 10.0.40219.1
Project("{FAE04EC0-301F-11D3-BF4B-00C04F79EFBC}") = "LinqProject", "LinqProject.csproj", "{61EE14F5-9610-4345-8C16-3792DE66280A}"
EndProject
Global
	GlobalSection(SolutionConfigurationPlatforms) = preSolution
		Debug|Any CPU = Debug|Any CPU
		Release|Any CPU = Release|Any CPU
	EndGlobalSection
	GlobalSection(ProjectConfigurationPlatforms) = postSolution
		{61EE14F5-9610-4345-8C16-3792DE66280A}.Debug|Any CPU.ActiveCfg = Debug|Any CPU
		{61EE14F5-9610-4345-8C16-3792DE66280A}.Debug|Any CPU.Build.0 = Debug|Any CPU
		{61EE14F5-9610-4345-8C16-3792DE66280A}.Release|Any CPU.ActiveCfg = Release|Any CPU
		{61EE14F5-9610-4345-8C16-3792DE66280A}.Release|Any CPU.Build.0 = Release|Any CPU
	EndGlobalSection
	GlobalSection(SolutionProperties) = preSolution
		HideSolutionNode = FALSE
	EndGlobalSection
	GlobalSection(ExtensibilityGlobals) = postSolution
		SolutionGuid = {3D51CDEF-1124-4EEB-A234-DFEFFDDFEE78}
	EndGlobalSection
EndGlobal
