
Microsoft Visual Studio Solution File, Format Version 12.00
# Visual Studio Version 17
VisualStudioVersion = 17.6.33815.320
MinimumVisualStudioVersion = 10.0.40219.1
Project("{FAE04EC0-301F-11D3-BF4B-00C04F79EFBC}") = "CollectionsDemo", "CollectionsDemo.csproj", "{7E4BA67F-0D73-4CE0-B9C7-05506F06DB97}"
EndProject
Global
	GlobalSection(SolutionConfigurationPlatforms) = preSolution
		Debug|Any CPU = Debug|Any CPU
		Release|Any CPU = Release|Any CPU
	EndGlobalSection
	GlobalSection(ProjectConfigurationPlatforms) = postSolution
		{7E4BA67F-0D73-4CE0-B9C7-05506F06DB97}.Debug|Any CPU.ActiveCfg = Debug|Any CPU
		{7E4BA67F-0D73-4CE0-B9C7-05506F06DB97}.Debug|Any CPU.Build.0 = Debug|Any CPU
		{7E4BA67F-0D73-4CE0-B9C7-05506F06DB97}.Release|Any CPU.ActiveCfg = Release|Any CPU
		{7E4BA67F-0D73-4CE0-B9C7-05506F06DB97}.Release|Any CPU.Build.0 = Release|Any CPU
	EndGlobalSection
	GlobalSection(SolutionProperties) = preSolution
		HideSolutionNode = FALSE
	EndGlobalSection
	GlobalSection(ExtensibilityGlobals) = postSolution
		SolutionGuid = {90937B61-7026-45C1-BB9F-B9EE7EB18E90}
	EndGlobalSection
EndGlobal
