
Microsoft Visual Studio Solution File, Format Version 12.00
# Visual Studio Version 17
VisualStudioVersion = 17.6.33815.320
MinimumVisualStudioVersion = 10.0.40219.1
Project("{FAE04EC0-301F-11D3-BF4B-00C04F79EFBC}") = "PropertiesBasics", "PropertiesBasics.csproj", "{4A0F8232-4ADA-49FC-8F81-CF23A1031CD1}"
EndProject
Global
	GlobalSection(SolutionConfigurationPlatforms) = preSolution
		Debug|Any CPU = Debug|Any CPU
		Release|Any CPU = Release|Any CPU
	EndGlobalSection
	GlobalSection(ProjectConfigurationPlatforms) = postSolution
		{4A0F8232-4ADA-49FC-8F81-CF23A1031CD1}.Debug|Any CPU.ActiveCfg = Debug|Any CPU
		{4A0F8232-4ADA-49FC-8F81-CF23A1031CD1}.Debug|Any CPU.Build.0 = Debug|Any CPU
		{4A0F8232-4ADA-49FC-8F81-CF23A1031CD1}.Release|Any CPU.ActiveCfg = Release|Any CPU
		{4A0F8232-4ADA-49FC-8F81-CF23A1031CD1}.Release|Any CPU.Build.0 = Release|Any CPU
	EndGlobalSection
	GlobalSection(SolutionProperties) = preSolution
		HideSolutionNode = FALSE
	EndGlobalSection
	GlobalSection(ExtensibilityGlobals) = postSolution
		SolutionGuid = {02EE661C-BA3B-43D0-B38D-871851463BBD}
	EndGlobalSection
EndGlobal
