
Microsoft Visual Studio Solution File, Format Version 12.00
# Visual Studio Version 17
VisualStudioVersion = 17.6.33815.320
MinimumVisualStudioVersion = 10.0.40219.1
Project("{FAE04EC0-301F-11D3-BF4B-00C04F79EFBC}") = "BasicsContinued", "BasicsContinued.csproj", "{5010FC5C-8495-4055-B1F3-AF433462C307}"
EndProject
Global
	GlobalSection(SolutionConfigurationPlatforms) = preSolution
		Debug|Any CPU = Debug|Any CPU
		Release|Any CPU = Release|Any CPU
	EndGlobalSection
	GlobalSection(ProjectConfigurationPlatforms) = postSolution
		{5010FC5C-8495-4055-B1F3-AF433462C307}.Debug|Any CPU.ActiveCfg = Debug|Any CPU
		{5010FC5C-8495-4055-B1F3-AF433462C307}.Debug|Any CPU.Build.0 = Debug|Any CPU
		{5010FC5C-8495-4055-B1F3-AF433462C307}.Release|Any CPU.ActiveCfg = Release|Any CPU
		{5010FC5C-8495-4055-B1F3-AF433462C307}.Release|Any CPU.Build.0 = Release|Any CPU
	EndGlobalSection
	GlobalSection(SolutionProperties) = preSolution
		HideSolutionNode = FALSE
	EndGlobalSection
	GlobalSection(ExtensibilityGlobals) = postSolution
		SolutionGuid = {8AD12C94-41F6-4B92-9B95-25D6C1BD71E8}
	EndGlobalSection
EndGlobal
