
Microsoft Visual Studio Solution File, Format Version 12.00
# Visual Studio Version 17
VisualStudioVersion = 17.6.33815.320
MinimumVisualStudioVersion = 10.0.40219.1
Project("{FAE04EC0-301F-11D3-BF4B-00C04F79EFBC}") = "SportsManagement", "SportsManagement.csproj", "{8FC4D259-C67C-4E18-9496-62BA64525FEA}"
EndProject
Global
	GlobalSection(SolutionConfigurationPlatforms) = preSolution
		Debug|Any CPU = Debug|Any CPU
		Release|Any CPU = Release|Any CPU
	EndGlobalSection
	GlobalSection(ProjectConfigurationPlatforms) = postSolution
		{8FC4D259-C67C-4E18-9496-62BA64525FEA}.Debug|Any CPU.ActiveCfg = Debug|Any CPU
		{8FC4D259-C67C-4E18-9496-62BA64525FEA}.Debug|Any CPU.Build.0 = Debug|Any CPU
		{8FC4D259-C67C-4E18-9496-62BA64525FEA}.Release|Any CPU.ActiveCfg = Release|Any CPU
		{8FC4D259-C67C-4E18-9496-62BA64525FEA}.Release|Any CPU.Build.0 = Release|Any CPU
	EndGlobalSection
	GlobalSection(SolutionProperties) = preSolution
		HideSolutionNode = FALSE
	EndGlobalSection
	GlobalSection(ExtensibilityGlobals) = postSolution
		SolutionGuid = {E6271726-7060-4253-91EE-256AE7CE1C78}
	EndGlobalSection
EndGlobal
